
Microsoft Visual Studio Solution File, Format Version 12.00
# Visual Studio Version 16
VisualStudioVersion = 16.0.31321.278
MinimumVisualStudioVersion = 10.0.40219.1
Project("{FAE04EC0-301F-11D3-BF4B-00C04F79EFBC}") = "PriceApp", "PriceApp\PriceApp.csproj", "{2720E02B-382F-4E77-8D8F-C83CAC2ABBAC}"
EndProject
Global
	GlobalSection(SolutionConfigurationPlatforms) = preSolution
		Debug|Any CPU = Debug|Any CPU
		Release|Any CPU = Release|Any CPU
	EndGlobalSection
	GlobalSection(ProjectConfigurationPlatforms) = postSolution
		{2720E02B-382F-4E77-8D8F-C83CAC2ABBAC}.Debug|Any CPU.ActiveCfg = Debug|Any CPU
		{2720E02B-382F-4E77-8D8F-C83CAC2ABBAC}.Debug|Any CPU.Build.0 = Debug|Any CPU
		{2720E02B-382F-4E77-8D8F-C83CAC2ABBAC}.Release|Any CPU.ActiveCfg = Release|Any CPU
		{2720E02B-382F-4E77-8D8F-C83CAC2ABBAC}.Release|Any CPU.Build.0 = Release|Any CPU
	EndGlobalSection
	GlobalSection(SolutionProperties) = preSolution
		HideSolutionNode = FALSE
	EndGlobalSection
	GlobalSection(ExtensibilityGlobals) = postSolution
		SolutionGuid = {B8642D56-9A5A-4950-B3AC-26D57491CCF7}
	EndGlobalSection
EndGlobal
